
Microsoft Visual Studio Solution File, Format Version 12.00
# Visual Studio 15
VisualStudioVersion = 15.0.26730.15
MinimumVisualStudioVersion = 10.0.40219.1
Project("{2150E333-8FDC-42A3-9474-1A3956D46DE8}") = "Build", "Build", "{44AEA5A8-5C0B-4FA8-B26C-FFB882B77BC3}"
	ProjectSection(SolutionItems) = preProject
		..\.gitignore = ..\.gitignore
		..\appveyor.yml = ..\appveyor.yml
		..\build.cake = ..\build.cake
		..\install.ps1 = ..\install.ps1
	EndProjectSection
EndProject
Project("{2150E333-8FDC-42A3-9474-1A3956D46DE8}") = "Docs", "Docs", "{2C6F771C-2518-460F-A49D-BB40891AFB29}"
	ProjectSection(SolutionItems) = preProject
		..\LICENSE = ..\LICENSE
		..\README.md = ..\README.md
		..\ReleaseNotes.md = ..\ReleaseNotes.md
		..\TroubleShooting.md = ..\TroubleShooting.md
	EndProjectSection
EndProject
Project("{2150E333-8FDC-42A3-9474-1A3956D46DE8}") = "Source", "Source", "{05F83CF5-4478-44BF-8272-0961FCFED880}"
EndProject
Project("{2150E333-8FDC-42A3-9474-1A3956D46DE8}") = "Nuget", "Nuget", "{F4E88783-BE24-41AB-A485-BC8BB61A78F0}"
	ProjectSection(SolutionItems) = preProject
		..\nuspec\Cake.IIS.nuspec = ..\nuspec\Cake.IIS.nuspec
	EndProjectSection
EndProject
Project("{2150E333-8FDC-42A3-9474-1A3956D46DE8}") = "Tests", "Tests", "{58FFCB7E-A563-46D7-B317-B702568785BB}"
	ProjectSection(SolutionItems) = preProject
		..\test\build.cake = ..\test\build.cake
	EndProjectSection
EndProject
Project("{FAE04EC0-301F-11D3-BF4B-00C04F79EFBC}") = "Cake.IIS", "Cake.IIS\Cake.IIS.csproj", "{07CC5C10-FD48-4752-868F-D7D8FB2FEBD2}"
EndProject
Project("{FAE04EC0-301F-11D3-BF4B-00C04F79EFBC}") = "Cake.IIS.Tests", "Cake.IIS.Tests\Cake.IIS.Tests.csproj", "{299476FA-FA90-4837-A324-AE2FC4766608}"
EndProject
Global
	GlobalSection(SolutionConfigurationPlatforms) = preSolution
		Debug|Any CPU = Debug|Any CPU
		Release|Any CPU = Release|Any CPU
	EndGlobalSection
	GlobalSection(ProjectConfigurationPlatforms) = postSolution
		{07CC5C10-FD48-4752-868F-D7D8FB2FEBD2}.Debug|Any CPU.ActiveCfg = Debug|Any CPU
		{07CC5C10-FD48-4752-868F-D7D8FB2FEBD2}.Debug|Any CPU.Build.0 = Debug|Any CPU
		{07CC5C10-FD48-4752-868F-D7D8FB2FEBD2}.Release|Any CPU.ActiveCfg = Release|Any CPU
		{07CC5C10-FD48-4752-868F-D7D8FB2FEBD2}.Release|Any CPU.Build.0 = Release|Any CPU
		{299476FA-FA90-4837-A324-AE2FC4766608}.Debug|Any CPU.ActiveCfg = Debug|Any CPU
		{299476FA-FA90-4837-A324-AE2FC4766608}.Debug|Any CPU.Build.0 = Debug|Any CPU
		{299476FA-FA90-4837-A324-AE2FC4766608}.Release|Any CPU.ActiveCfg = Release|Any CPU
		{299476FA-FA90-4837-A324-AE2FC4766608}.Release|Any CPU.Build.0 = Release|Any CPU
	EndGlobalSection
	GlobalSection(SolutionProperties) = preSolution
		HideSolutionNode = FALSE
	EndGlobalSection
	GlobalSection(NestedProjects) = preSolution
		{07CC5C10-FD48-4752-868F-D7D8FB2FEBD2} = {05F83CF5-4478-44BF-8272-0961FCFED880}
		{299476FA-FA90-4837-A324-AE2FC4766608} = {58FFCB7E-A563-46D7-B317-B702568785BB}
	EndGlobalSection
	GlobalSection(ExtensibilityGlobals) = postSolution
		SolutionGuid = {5051D0D5-F768-4E2A-9E19-CD61E58E6FB7}
	EndGlobalSection
EndGlobal
